
Microsoft Visual Studio Solution File, Format Version 12.00
# Visual Studio 15
Project("{D954291E-2A0B-460D-934E-DC6B0785DB48}") = "testCIApp", "testCIApp\testCIApp.shproj", "{02ED2128-9FCC-4389-B20B-7E628D4DD057}"
EndProject
Project("{FAE04EC0-301F-11D3-BF4B-00C04F79EFBC}") = "testCIApp.iOS", "iOS\testCIApp.iOS.csproj", "{85C5508F-26DA-4497-A497-43D318D5740F}"
EndProject
Project("{FAE04EC0-301F-11D3-BF4B-00C04F79EFBC}") = "testCIApp.Droid", "Droid\testCIApp.Droid.csproj", "{34E725A7-2C1E-436A-A3C5-E74525399981}"
EndProject
Global
	GlobalSection(SolutionConfigurationPlatforms) = preSolution
		Debug|iPhoneSimulator = Debug|iPhoneSimulator
		Release|iPhone = Release|iPhone
		Release|iPhoneSimulator = Release|iPhoneSimulator
		Debug|iPhone = Debug|iPhone
		Debug|Any CPU = Debug|Any CPU
		Release|Any CPU = Release|Any CPU
	EndGlobalSection
	GlobalSection(ProjectConfigurationPlatforms) = postSolution
		{85C5508F-26DA-4497-A497-43D318D5740F}.Debug|iPhoneSimulator.ActiveCfg = Debug|iPhoneSimulator
		{85C5508F-26DA-4497-A497-43D318D5740F}.Debug|iPhoneSimulator.Build.0 = Debug|iPhoneSimulator
		{85C5508F-26DA-4497-A497-43D318D5740F}.Release|iPhone.ActiveCfg = Release|iPhone
		{85C5508F-26DA-4497-A497-43D318D5740F}.Release|iPhone.Build.0 = Release|iPhone
		{85C5508F-26DA-4497-A497-43D318D5740F}.Release|iPhoneSimulator.ActiveCfg = Release|iPhoneSimulator
		{85C5508F-26DA-4497-A497-43D318D5740F}.Release|iPhoneSimulator.Build.0 = Release|iPhoneSimulator
		{85C5508F-26DA-4497-A497-43D318D5740F}.Debug|iPhone.ActiveCfg = Debug|iPhone
		{85C5508F-26DA-4497-A497-43D318D5740F}.Debug|iPhone.Build.0 = Debug|iPhone
		{85C5508F-26DA-4497-A497-43D318D5740F}.Debug|Any CPU.ActiveCfg = Debug|iPhoneSimulator
		{85C5508F-26DA-4497-A497-43D318D5740F}.Debug|Any CPU.Build.0 = Debug|iPhoneSimulator
		{85C5508F-26DA-4497-A497-43D318D5740F}.Release|Any CPU.ActiveCfg = Release|iPhone
		{85C5508F-26DA-4497-A497-43D318D5740F}.Release|Any CPU.Build.0 = Release|iPhone
		{34E725A7-2C1E-436A-A3C5-E74525399981}.Debug|iPhoneSimulator.ActiveCfg = Debug|Any CPU
		{34E725A7-2C1E-436A-A3C5-E74525399981}.Debug|iPhoneSimulator.Build.0 = Debug|Any CPU
		{34E725A7-2C1E-436A-A3C5-E74525399981}.Release|iPhone.ActiveCfg = Release|Any CPU
		{34E725A7-2C1E-436A-A3C5-E74525399981}.Release|iPhone.Build.0 = Release|Any CPU
		{34E725A7-2C1E-436A-A3C5-E74525399981}.Release|iPhoneSimulator.ActiveCfg = Release|Any CPU
		{34E725A7-2C1E-436A-A3C5-E74525399981}.Release|iPhoneSimulator.Build.0 = Release|Any CPU
		{34E725A7-2C1E-436A-A3C5-E74525399981}.Debug|iPhone.ActiveCfg = Debug|Any CPU
		{34E725A7-2C1E-436A-A3C5-E74525399981}.Debug|iPhone.Build.0 = Debug|Any CPU
		{34E725A7-2C1E-436A-A3C5-E74525399981}.Debug|Any CPU.ActiveCfg = Debug|Any CPU
		{34E725A7-2C1E-436A-A3C5-E74525399981}.Debug|Any CPU.Build.0 = Debug|Any CPU
		{34E725A7-2C1E-436A-A3C5-E74525399981}.Release|Any CPU.ActiveCfg = Release|Any CPU
		{34E725A7-2C1E-436A-A3C5-E74525399981}.Release|Any CPU.Build.0 = Release|Any CPU
	EndGlobalSection
EndGlobal
